
Microsoft Visual Studio Solution File, Format Version 12.00
# Visual Studio Version 16
VisualStudioVersion = 16.0.31515.178
MinimumVisualStudioVersion = 10.0.40219.1
Project("{FAE04EC0-301F-11D3-BF4B-00C04F79EFBC}") = "AddressBookSystemRESTApi", "AddressBookSystemRESTApi\AddressBookSystemRESTApi.csproj", "{045170EA-B27A-4E4F-A0C6-BF0AC2163BD3}"
EndProject
Project("{FAE04EC0-301F-11D3-BF4B-00C04F79EFBC}") = "AddressBookSystemRESTApiTest", "AddressBookSystemRESTApiTest\AddressBookSystemRESTApiTest.csproj", "{67813113-F59C-42A1-BFCF-1532B6CEE873}"
EndProject
Global
	GlobalSection(SolutionConfigurationPlatforms) = preSolution
		Debug|Any CPU = Debug|Any CPU
		Release|Any CPU = Release|Any CPU
	EndGlobalSection
	GlobalSection(ProjectConfigurationPlatforms) = postSolution
		{045170EA-B27A-4E4F-A0C6-BF0AC2163BD3}.Debug|Any CPU.ActiveCfg = Debug|Any CPU
		{045170EA-B27A-4E4F-A0C6-BF0AC2163BD3}.Debug|Any CPU.Build.0 = Debug|Any CPU
		{045170EA-B27A-4E4F-A0C6-BF0AC2163BD3}.Release|Any CPU.ActiveCfg = Release|Any CPU
		{045170EA-B27A-4E4F-A0C6-BF0AC2163BD3}.Release|Any CPU.Build.0 = Release|Any CPU
		{67813113-F59C-42A1-BFCF-1532B6CEE873}.Debug|Any CPU.ActiveCfg = Debug|Any CPU
		{67813113-F59C-42A1-BFCF-1532B6CEE873}.Debug|Any CPU.Build.0 = Debug|Any CPU
		{67813113-F59C-42A1-BFCF-1532B6CEE873}.Release|Any CPU.ActiveCfg = Release|Any CPU
		{67813113-F59C-42A1-BFCF-1532B6CEE873}.Release|Any CPU.Build.0 = Release|Any CPU
	EndGlobalSection
	GlobalSection(SolutionProperties) = preSolution
		HideSolutionNode = FALSE
	EndGlobalSection
	GlobalSection(ExtensibilityGlobals) = postSolution
		SolutionGuid = {315A6316-58A9-4C0A-BAA7-AE82FAAA6408}
	EndGlobalSection
EndGlobal
